
Microsoft Visual Studio Solution File, Format Version 12.00
# Visual Studio Version 16
VisualStudioVersion = 16.6.30114.105
MinimumVisualStudioVersion = 10.0.40219.1
Project("{9A19103F-16F7-4668-BE54-9A1E7A4F7556}") = "ESourcing.Products", "ESourcing.Products\ESourcing.Products.csproj", "{BB0AA9DB-6671-42AB-82EC-D5577683E8D1}"
EndProject
Project("{2150E333-8FDC-42A3-9474-1A3956D46DE8}") = "Products", "Products", "{EA44914F-04D3-4B8B-B071-2F1A67B39D97}"
EndProject
Project("{2150E333-8FDC-42A3-9474-1A3956D46DE8}") = "src", "src", "{65063CC1-D811-4472-A5AC-748316A52127}"
EndProject
Project("{2150E333-8FDC-42A3-9474-1A3956D46DE8}") = "ApiGateway", "ApiGateway", "{941F470B-E081-47E7-83A2-43EF83C0CD36}"
EndProject
Project("{2150E333-8FDC-42A3-9474-1A3956D46DE8}") = "Services", "Services", "{B9C17988-775E-4A81-8560-7FDE4072A58E}"
EndProject
Project("{2150E333-8FDC-42A3-9474-1A3956D46DE8}") = "WebApp", "WebApp", "{B007BA7E-48D3-4703-8D0B-585A208F3C30}"
EndProject
Project("{2150E333-8FDC-42A3-9474-1A3956D46DE8}") = "Common", "Common", "{52EB5A5B-F372-4742-B4F3-02DB4A7113F6}"
EndProject
Project("{2150E333-8FDC-42A3-9474-1A3956D46DE8}") = "Order", "Order", "{99D4966C-6850-4A9A-9F4F-6B82429991B0}"
EndProject
Project("{2150E333-8FDC-42A3-9474-1A3956D46DE8}") = "Sourcing", "Sourcing", "{BBD5CB01-FD3E-4749-9496-D89FCD0D07AC}"
EndProject
Project("{E53339B2-1760-4266-BCC7-CA923CBCF16C}") = "docker-compose", "docker-compose.dcproj", "{0CA88B13-A520-46F4-B950-284B34BF50B9}"
EndProject
Project("{9A19103F-16F7-4668-BE54-9A1E7A4F7556}") = "ESourcing.Sourcing", "ESourcing.Sourcing\ESourcing.Sourcing.csproj", "{3A902FC9-D994-40D4-BE30-5A8C15A85DC5}"
EndProject
Project("{9A19103F-16F7-4668-BE54-9A1E7A4F7556}") = "EventBusRabbitMQ", "EventBusRabbitMQ\EventBusRabbitMQ.csproj", "{7E5BBF6D-7611-43C4-A819-D95E6FF90FD9}"
EndProject
Project("{9A19103F-16F7-4668-BE54-9A1E7A4F7556}") = "ESourcing.Order", "ESourcing.Order\ESourcing.Order.csproj", "{C27457D5-1503-4E0F-919B-405B26C69441}"
EndProject
Project("{9A19103F-16F7-4668-BE54-9A1E7A4F7556}") = "Ordering.Domain", "Ordering.Domain\Ordering.Domain.csproj", "{F5D0A948-9FD4-42EF-8055-A9E6018D2EC2}"
EndProject
Project("{9A19103F-16F7-4668-BE54-9A1E7A4F7556}") = "Ordering.Application", "Ordering.Application\Ordering.Application.csproj", "{4EC89D86-FE97-4805-87A7-F93873AD1D34}"
EndProject
Project("{9A19103F-16F7-4668-BE54-9A1E7A4F7556}") = "Ordering.Infrastructure", "Ordering.Infrastructure\Ordering.Infrastructure.csproj", "{BC0BEE3A-0D4B-4E98-9CB7-16AB91BF0FBC}"
EndProject
Project("{9A19103F-16F7-4668-BE54-9A1E7A4F7556}") = "ESourcing.APIGateway", "ESourcing.APIGateway\ESourcing.APIGateway.csproj", "{AE19D3F5-1F71-40CA-B33F-BC6EAC975F84}"
EndProject
Project("{9A19103F-16F7-4668-BE54-9A1E7A4F7556}") = "ESourcing.Infrastructure", "ESourcing.Infrastructure\ESourcing.Infrastructure.csproj", "{BB40900A-3B7B-4C6F-9E41-BEB3B45F9B99}"
EndProject
Project("{9A19103F-16F7-4668-BE54-9A1E7A4F7556}") = "ESourcing.Core", "ESourcing.Core\ESourcing.Core.csproj", "{5D3C4AB4-289F-4235-80C9-20DB9B4CFE9C}"
EndProject
Project("{FAE04EC0-301F-11D3-BF4B-00C04F79EFBC}") = "ESourcing.UI", "ESourcing.UI\ESourcing.UI.csproj", "{F3DC9945-E016-449F-8C66-6CE6117C6A5A}"
EndProject
Global
	GlobalSection(SolutionConfigurationPlatforms) = preSolution
		Debug|Any CPU = Debug|Any CPU
		Debug|x64 = Debug|x64
		Debug|x86 = Debug|x86
		Release|Any CPU = Release|Any CPU
		Release|x64 = Release|x64
		Release|x86 = Release|x86
	EndGlobalSection
	GlobalSection(ProjectConfigurationPlatforms) = postSolution
		{BB0AA9DB-6671-42AB-82EC-D5577683E8D1}.Debug|Any CPU.ActiveCfg = Debug|Any CPU
		{BB0AA9DB-6671-42AB-82EC-D5577683E8D1}.Debug|Any CPU.Build.0 = Debug|Any CPU
		{BB0AA9DB-6671-42AB-82EC-D5577683E8D1}.Debug|x64.ActiveCfg = Debug|Any CPU
		{BB0AA9DB-6671-42AB-82EC-D5577683E8D1}.Debug|x64.Build.0 = Debug|Any CPU
		{BB0AA9DB-6671-42AB-82EC-D5577683E8D1}.Debug|x86.ActiveCfg = Debug|Any CPU
		{BB0AA9DB-6671-42AB-82EC-D5577683E8D1}.Debug|x86.Build.0 = Debug|Any CPU
		{BB0AA9DB-6671-42AB-82EC-D5577683E8D1}.Release|Any CPU.ActiveCfg = Release|Any CPU
		{BB0AA9DB-6671-42AB-82EC-D5577683E8D1}.Release|Any CPU.Build.0 = Release|Any CPU
		{BB0AA9DB-6671-42AB-82EC-D5577683E8D1}.Release|x64.ActiveCfg = Release|Any CPU
		{BB0AA9DB-6671-42AB-82EC-D5577683E8D1}.Release|x64.Build.0 = Release|Any CPU
		{BB0AA9DB-6671-42AB-82EC-D5577683E8D1}.Release|x86.ActiveCfg = Release|Any CPU
		{BB0AA9DB-6671-42AB-82EC-D5577683E8D1}.Release|x86.Build.0 = Release|Any CPU
		{0CA88B13-A520-46F4-B950-284B34BF50B9}.Debug|Any CPU.ActiveCfg = Debug|Any CPU
		{0CA88B13-A520-46F4-B950-284B34BF50B9}.Debug|Any CPU.Build.0 = Debug|Any CPU
		{0CA88B13-A520-46F4-B950-284B34BF50B9}.Debug|x64.ActiveCfg = Debug|Any CPU
		{0CA88B13-A520-46F4-B950-284B34BF50B9}.Debug|x64.Build.0 = Debug|Any CPU
		{0CA88B13-A520-46F4-B950-284B34BF50B9}.Debug|x86.ActiveCfg = Debug|Any CPU
		{0CA88B13-A520-46F4-B950-284B34BF50B9}.Debug|x86.Build.0 = Debug|Any CPU
		{0CA88B13-A520-46F4-B950-284B34BF50B9}.Release|Any CPU.ActiveCfg = Release|Any CPU
		{0CA88B13-A520-46F4-B950-284B34BF50B9}.Release|Any CPU.Build.0 = Release|Any CPU
		{0CA88B13-A520-46F4-B950-284B34BF50B9}.Release|x64.ActiveCfg = Release|Any CPU
		{0CA88B13-A520-46F4-B950-284B34BF50B9}.Release|x64.Build.0 = Release|Any CPU
		{0CA88B13-A520-46F4-B950-284B34BF50B9}.Release|x86.ActiveCfg = Release|Any CPU
		{0CA88B13-A520-46F4-B950-284B34BF50B9}.Release|x86.Build.0 = Release|Any CPU
		{3A902FC9-D994-40D4-BE30-5A8C15A85DC5}.Debug|Any CPU.ActiveCfg = Debug|Any CPU
		{3A902FC9-D994-40D4-BE30-5A8C15A85DC5}.Debug|Any CPU.Build.0 = Debug|Any CPU
		{3A902FC9-D994-40D4-BE30-5A8C15A85DC5}.Debug|x64.ActiveCfg = Debug|Any CPU
		{3A902FC9-D994-40D4-BE30-5A8C15A85DC5}.Debug|x64.Build.0 = Debug|Any CPU
		{3A902FC9-D994-40D4-BE30-5A8C15A85DC5}.Debug|x86.ActiveCfg = Debug|Any CPU
		{3A902FC9-D994-40D4-BE30-5A8C15A85DC5}.Debug|x86.Build.0 = Debug|Any CPU
		{3A902FC9-D994-40D4-BE30-5A8C15A85DC5}.Release|Any CPU.ActiveCfg = Release|Any CPU
		{3A902FC9-D994-40D4-BE30-5A8C15A85DC5}.Release|Any CPU.Build.0 = Release|Any CPU
		{3A902FC9-D994-40D4-BE30-5A8C15A85DC5}.Release|x64.ActiveCfg = Release|Any CPU
		{3A902FC9-D994-40D4-BE30-5A8C15A85DC5}.Release|x64.Build.0 = Release|Any CPU
		{3A902FC9-D994-40D4-BE30-5A8C15A85DC5}.Release|x86.ActiveCfg = Release|Any CPU
		{3A902FC9-D994-40D4-BE30-5A8C15A85DC5}.Release|x86.Build.0 = Release|Any CPU
		{7E5BBF6D-7611-43C4-A819-D95E6FF90FD9}.Debug|Any CPU.ActiveCfg = Debug|Any CPU
		{7E5BBF6D-7611-43C4-A819-D95E6FF90FD9}.Debug|Any CPU.Build.0 = Debug|Any CPU
		{7E5BBF6D-7611-43C4-A819-D95E6FF90FD9}.Debug|x64.ActiveCfg = Debug|Any CPU
		{7E5BBF6D-7611-43C4-A819-D95E6FF90FD9}.Debug|x64.Build.0 = Debug|Any CPU
		{7E5BBF6D-7611-43C4-A819-D95E6FF90FD9}.Debug|x86.ActiveCfg = Debug|Any CPU
		{7E5BBF6D-7611-43C4-A819-D95E6FF90FD9}.Debug|x86.Build.0 = Debug|Any CPU
		{7E5BBF6D-7611-43C4-A819-D95E6FF90FD9}.Release|Any CPU.ActiveCfg = Release|Any CPU
		{7E5BBF6D-7611-43C4-A819-D95E6FF90FD9}.Release|Any CPU.Build.0 = Release|Any CPU
		{7E5BBF6D-7611-43C4-A819-D95E6FF90FD9}.Release|x64.ActiveCfg = Release|Any CPU
		{7E5BBF6D-7611-43C4-A819-D95E6FF90FD9}.Release|x64.Build.0 = Release|Any CPU
		{7E5BBF6D-7611-43C4-A819-D95E6FF90FD9}.Release|x86.ActiveCfg = Release|Any CPU
		{7E5BBF6D-7611-43C4-A819-D95E6FF90FD9}.Release|x86.Build.0 = Release|Any CPU
		{C27457D5-1503-4E0F-919B-405B26C69441}.Debug|Any CPU.ActiveCfg = Debug|Any CPU
		{C27457D5-1503-4E0F-919B-405B26C69441}.Debug|Any CPU.Build.0 = Debug|Any CPU
		{C27457D5-1503-4E0F-919B-405B26C69441}.Debug|x64.ActiveCfg = Debug|Any CPU
		{C27457D5-1503-4E0F-919B-405B26C69441}.Debug|x64.Build.0 = Debug|Any CPU
		{C27457D5-1503-4E0F-919B-405B26C69441}.Debug|x86.ActiveCfg = Debug|Any CPU
		{C27457D5-1503-4E0F-919B-405B26C69441}.Debug|x86.Build.0 = Debug|Any CPU
		{C27457D5-1503-4E0F-919B-405B26C69441}.Release|Any CPU.ActiveCfg = Release|Any CPU
		{C27457D5-1503-4E0F-919B-405B26C69441}.Release|Any CPU.Build.0 = Release|Any CPU
		{C27457D5-1503-4E0F-919B-405B26C69441}.Release|x64.ActiveCfg = Release|Any CPU
		{C27457D5-1503-4E0F-919B-405B26C69441}.Release|x64.Build.0 = Release|Any CPU
		{C27457D5-1503-4E0F-919B-405B26C69441}.Release|x86.ActiveCfg = Release|Any CPU
		{C27457D5-1503-4E0F-919B-405B26C69441}.Release|x86.Build.0 = Release|Any CPU
		{F5D0A948-9FD4-42EF-8055-A9E6018D2EC2}.Debug|Any CPU.ActiveCfg = Debug|Any CPU
		{F5D0A948-9FD4-42EF-8055-A9E6018D2EC2}.Debug|Any CPU.Build.0 = Debug|Any CPU
		{F5D0A948-9FD4-42EF-8055-A9E6018D2EC2}.Debug|x64.ActiveCfg = Debug|Any CPU
		{F5D0A948-9FD4-42EF-8055-A9E6018D2EC2}.Debug|x64.Build.0 = Debug|Any CPU
		{F5D0A948-9FD4-42EF-8055-A9E6018D2EC2}.Debug|x86.ActiveCfg = Debug|Any CPU
		{F5D0A948-9FD4-42EF-8055-A9E6018D2EC2}.Debug|x86.Build.0 = Debug|Any CPU
		{F5D0A948-9FD4-42EF-8055-A9E6018D2EC2}.Release|Any CPU.ActiveCfg = Release|Any CPU
		{F5D0A948-9FD4-42EF-8055-A9E6018D2EC2}.Release|Any CPU.Build.0 = Release|Any CPU
		{F5D0A948-9FD4-42EF-8055-A9E6018D2EC2}.Release|x64.ActiveCfg = Release|Any CPU
		{F5D0A948-9FD4-42EF-8055-A9E6018D2EC2}.Release|x64.Build.0 = Release|Any CPU
		{F5D0A948-9FD4-42EF-8055-A9E6018D2EC2}.Release|x86.ActiveCfg = Release|Any CPU
		{F5D0A948-9FD4-42EF-8055-A9E6018D2EC2}.Release|x86.Build.0 = Release|Any CPU
		{4EC89D86-FE97-4805-87A7-F93873AD1D34}.Debug|Any CPU.ActiveCfg = Debug|Any CPU
		{4EC89D86-FE97-4805-87A7-F93873AD1D34}.Debug|Any CPU.Build.0 = Debug|Any CPU
		{4EC89D86-FE97-4805-87A7-F93873AD1D34}.Debug|x64.ActiveCfg = Debug|Any CPU
		{4EC89D86-FE97-4805-87A7-F93873AD1D34}.Debug|x64.Build.0 = Debug|Any CPU
		{4EC89D86-FE97-4805-87A7-F93873AD1D34}.Debug|x86.ActiveCfg = Debug|Any CPU
		{4EC89D86-FE97-4805-87A7-F93873AD1D34}.Debug|x86.Build.0 = Debug|Any CPU
		{4EC89D86-FE97-4805-87A7-F93873AD1D34}.Release|Any CPU.ActiveCfg = Release|Any CPU
		{4EC89D86-FE97-4805-87A7-F93873AD1D34}.Release|Any CPU.Build.0 = Release|Any CPU
		{4EC89D86-FE97-4805-87A7-F93873AD1D34}.Release|x64.ActiveCfg = Release|Any CPU
		{4EC89D86-FE97-4805-87A7-F93873AD1D34}.Release|x64.Build.0 = Release|Any CPU
		{4EC89D86-FE97-4805-87A7-F93873AD1D34}.Release|x86.ActiveCfg = Release|Any CPU
		{4EC89D86-FE97-4805-87A7-F93873AD1D34}.Release|x86.Build.0 = Release|Any CPU
		{BC0BEE3A-0D4B-4E98-9CB7-16AB91BF0FBC}.Debug|Any CPU.ActiveCfg = Debug|Any CPU
		{BC0BEE3A-0D4B-4E98-9CB7-16AB91BF0FBC}.Debug|Any CPU.Build.0 = Debug|Any CPU
		{BC0BEE3A-0D4B-4E98-9CB7-16AB91BF0FBC}.Debug|x64.ActiveCfg = Debug|Any CPU
		{BC0BEE3A-0D4B-4E98-9CB7-16AB91BF0FBC}.Debug|x64.Build.0 = Debug|Any CPU
		{BC0BEE3A-0D4B-4E98-9CB7-16AB91BF0FBC}.Debug|x86.ActiveCfg = Debug|Any CPU
		{BC0BEE3A-0D4B-4E98-9CB7-16AB91BF0FBC}.Debug|x86.Build.0 = Debug|Any CPU
		{BC0BEE3A-0D4B-4E98-9CB7-16AB91BF0FBC}.Release|Any CPU.ActiveCfg = Release|Any CPU
		{BC0BEE3A-0D4B-4E98-9CB7-16AB91BF0FBC}.Release|Any CPU.Build.0 = Release|Any CPU
		{BC0BEE3A-0D4B-4E98-9CB7-16AB91BF0FBC}.Release|x64.ActiveCfg = Release|Any CPU
		{BC0BEE3A-0D4B-4E98-9CB7-16AB91BF0FBC}.Release|x64.Build.0 = Release|Any CPU
		{BC0BEE3A-0D4B-4E98-9CB7-16AB91BF0FBC}.Release|x86.ActiveCfg = Release|Any CPU
		{BC0BEE3A-0D4B-4E98-9CB7-16AB91BF0FBC}.Release|x86.Build.0 = Release|Any CPU
		{AE19D3F5-1F71-40CA-B33F-BC6EAC975F84}.Debug|Any CPU.ActiveCfg = Debug|Any CPU
		{AE19D3F5-1F71-40CA-B33F-BC6EAC975F84}.Debug|Any CPU.Build.0 = Debug|Any CPU
		{AE19D3F5-1F71-40CA-B33F-BC6EAC975F84}.Debug|x64.ActiveCfg = Debug|Any CPU
		{AE19D3F5-1F71-40CA-B33F-BC6EAC975F84}.Debug|x64.Build.0 = Debug|Any CPU
		{AE19D3F5-1F71-40CA-B33F-BC6EAC975F84}.Debug|x86.ActiveCfg = Debug|Any CPU
		{AE19D3F5-1F71-40CA-B33F-BC6EAC975F84}.Debug|x86.Build.0 = Debug|Any CPU
		{AE19D3F5-1F71-40CA-B33F-BC6EAC975F84}.Release|Any CPU.ActiveCfg = Release|Any CPU
		{AE19D3F5-1F71-40CA-B33F-BC6EAC975F84}.Release|Any CPU.Build.0 = Release|Any CPU
		{AE19D3F5-1F71-40CA-B33F-BC6EAC975F84}.Release|x64.ActiveCfg = Release|Any CPU
		{AE19D3F5-1F71-40CA-B33F-BC6EAC975F84}.Release|x64.Build.0 = Release|Any CPU
		{AE19D3F5-1F71-40CA-B33F-BC6EAC975F84}.Release|x86.ActiveCfg = Release|Any CPU
		{AE19D3F5-1F71-40CA-B33F-BC6EAC975F84}.Release|x86.Build.0 = Release|Any CPU
		{BB40900A-3B7B-4C6F-9E41-BEB3B45F9B99}.Debug|Any CPU.ActiveCfg = Debug|Any CPU
		{BB40900A-3B7B-4C6F-9E41-BEB3B45F9B99}.Debug|Any CPU.Build.0 = Debug|Any CPU
		{BB40900A-3B7B-4C6F-9E41-BEB3B45F9B99}.Debug|x64.ActiveCfg = Debug|Any CPU
		{BB40900A-3B7B-4C6F-9E41-BEB3B45F9B99}.Debug|x64.Build.0 = Debug|Any CPU
		{BB40900A-3B7B-4C6F-9E41-BEB3B45F9B99}.Debug|x86.ActiveCfg = Debug|Any CPU
		{BB40900A-3B7B-4C6F-9E41-BEB3B45F9B99}.Debug|x86.Build.0 = Debug|Any CPU
		{BB40900A-3B7B-4C6F-9E41-BEB3B45F9B99}.Release|Any CPU.ActiveCfg = Release|Any CPU
		{BB40900A-3B7B-4C6F-9E41-BEB3B45F9B99}.Release|Any CPU.Build.0 = Release|Any CPU
		{BB40900A-3B7B-4C6F-9E41-BEB3B45F9B99}.Release|x64.ActiveCfg = Release|Any CPU
		{BB40900A-3B7B-4C6F-9E41-BEB3B45F9B99}.Release|x64.Build.0 = Release|Any CPU
		{BB40900A-3B7B-4C6F-9E41-BEB3B45F9B99}.Release|x86.ActiveCfg = Release|Any CPU
		{BB40900A-3B7B-4C6F-9E41-BEB3B45F9B99}.Release|x86.Build.0 = Release|Any CPU
		{5D3C4AB4-289F-4235-80C9-20DB9B4CFE9C}.Debug|Any CPU.ActiveCfg = Debug|Any CPU
		{5D3C4AB4-289F-4235-80C9-20DB9B4CFE9C}.Debug|Any CPU.Build.0 = Debug|Any CPU
		{5D3C4AB4-289F-4235-80C9-20DB9B4CFE9C}.Debug|x64.ActiveCfg = Debug|Any CPU
		{5D3C4AB4-289F-4235-80C9-20DB9B4CFE9C}.Debug|x64.Build.0 = Debug|Any CPU
		{5D3C4AB4-289F-4235-80C9-20DB9B4CFE9C}.Debug|x86.ActiveCfg = Debug|Any CPU
		{5D3C4AB4-289F-4235-80C9-20DB9B4CFE9C}.Debug|x86.Build.0 = Debug|Any CPU
		{5D3C4AB4-289F-4235-80C9-20DB9B4CFE9C}.Release|Any CPU.ActiveCfg = Release|Any CPU
		{5D3C4AB4-289F-4235-80C9-20DB9B4CFE9C}.Release|Any CPU.Build.0 = Release|Any CPU
		{5D3C4AB4-289F-4235-80C9-20DB9B4CFE9C}.Release|x64.ActiveCfg = Release|Any CPU
		{5D3C4AB4-289F-4235-80C9-20DB9B4CFE9C}.Release|x64.Build.0 = Release|Any CPU
		{5D3C4AB4-289F-4235-80C9-20DB9B4CFE9C}.Release|x86.ActiveCfg = Release|Any CPU
		{5D3C4AB4-289F-4235-80C9-20DB9B4CFE9C}.Release|x86.Build.0 = Release|Any CPU
		{F3DC9945-E016-449F-8C66-6CE6117C6A5A}.Debug|Any CPU.ActiveCfg = Debug|Any CPU
		{F3DC9945-E016-449F-8C66-6CE6117C6A5A}.Debug|Any CPU.Build.0 = Debug|Any CPU
		{F3DC9945-E016-449F-8C66-6CE6117C6A5A}.Debug|x64.ActiveCfg = Debug|Any CPU
		{F3DC9945-E016-449F-8C66-6CE6117C6A5A}.Debug|x64.Build.0 = Debug|Any CPU
		{F3DC9945-E016-449F-8C66-6CE6117C6A5A}.Debug|x86.ActiveCfg = Debug|Any CPU
		{F3DC9945-E016-449F-8C66-6CE6117C6A5A}.Debug|x86.Build.0 = Debug|Any CPU
		{F3DC9945-E016-449F-8C66-6CE6117C6A5A}.Release|Any CPU.ActiveCfg = Release|Any CPU
		{F3DC9945-E016-449F-8C66-6CE6117C6A5A}.Release|Any CPU.Build.0 = Release|Any CPU
		{F3DC9945-E016-449F-8C66-6CE6117C6A5A}.Release|x64.ActiveCfg = Release|Any CPU
		{F3DC9945-E016-449F-8C66-6CE6117C6A5A}.Release|x64.Build.0 = Release|Any CPU
		{F3DC9945-E016-449F-8C66-6CE6117C6A5A}.Release|x86.ActiveCfg = Release|Any CPU
		{F3DC9945-E016-449F-8C66-6CE6117C6A5A}.Release|x86.Build.0 = Release|Any CPU
	EndGlobalSection
	GlobalSection(SolutionProperties) = preSolution
		HideSolutionNode = FALSE
	EndGlobalSection
	GlobalSection(NestedProjects) = preSolution
		{BB0AA9DB-6671-42AB-82EC-D5577683E8D1} = {EA44914F-04D3-4B8B-B071-2F1A67B39D97}
		{EA44914F-04D3-4B8B-B071-2F1A67B39D97} = {B9C17988-775E-4A81-8560-7FDE4072A58E}
		{941F470B-E081-47E7-83A2-43EF83C0CD36} = {65063CC1-D811-4472-A5AC-748316A52127}
		{B9C17988-775E-4A81-8560-7FDE4072A58E} = {65063CC1-D811-4472-A5AC-748316A52127}
		{B007BA7E-48D3-4703-8D0B-585A208F3C30} = {65063CC1-D811-4472-A5AC-748316A52127}
		{52EB5A5B-F372-4742-B4F3-02DB4A7113F6} = {B9C17988-775E-4A81-8560-7FDE4072A58E}
		{99D4966C-6850-4A9A-9F4F-6B82429991B0} = {B9C17988-775E-4A81-8560-7FDE4072A58E}
		{BBD5CB01-FD3E-4749-9496-D89FCD0D07AC} = {B9C17988-775E-4A81-8560-7FDE4072A58E}
		{3A902FC9-D994-40D4-BE30-5A8C15A85DC5} = {BBD5CB01-FD3E-4749-9496-D89FCD0D07AC}
		{7E5BBF6D-7611-43C4-A819-D95E6FF90FD9} = {52EB5A5B-F372-4742-B4F3-02DB4A7113F6}
		{C27457D5-1503-4E0F-919B-405B26C69441} = {99D4966C-6850-4A9A-9F4F-6B82429991B0}
		{F5D0A948-9FD4-42EF-8055-A9E6018D2EC2} = {99D4966C-6850-4A9A-9F4F-6B82429991B0}
		{4EC89D86-FE97-4805-87A7-F93873AD1D34} = {99D4966C-6850-4A9A-9F4F-6B82429991B0}
		{BC0BEE3A-0D4B-4E98-9CB7-16AB91BF0FBC} = {99D4966C-6850-4A9A-9F4F-6B82429991B0}
		{AE19D3F5-1F71-40CA-B33F-BC6EAC975F84} = {941F470B-E081-47E7-83A2-43EF83C0CD36}
		{BB40900A-3B7B-4C6F-9E41-BEB3B45F9B99} = {B007BA7E-48D3-4703-8D0B-585A208F3C30}
		{5D3C4AB4-289F-4235-80C9-20DB9B4CFE9C} = {B007BA7E-48D3-4703-8D0B-585A208F3C30}
		{F3DC9945-E016-449F-8C66-6CE6117C6A5A} = {B007BA7E-48D3-4703-8D0B-585A208F3C30}
	EndGlobalSection
	GlobalSection(ExtensibilityGlobals) = postSolution
		SolutionGuid = {BBA133D5-96F2-470B-87B8-79DEFB95F18A}
	EndGlobalSection
EndGlobal
